<?xml version="1.0" encoding="utf-8"?>
<Project ToolsVersion="4.0" xmlns="http://schemas.microsoft.com/developer/msbuild/2003">
  <ItemGroup>
    <Filter Include="Source Files">
      <UniqueIdentifier>{4FC737F1-C7A5-4376-A066-2A32D752A2FF}</UniqueIdentifier>
      <Extensions>cpp;c;cc;cxx;def;odl;idl;hpj;bat;asm;asmx</Extensions>
    </Filter>
    <Filter Include="Header Files">
      <UniqueIdentifier>{93995380-89BD-4b04-88EB-625FBE52EBFB}</UniqueIdentifier>
      <Extensions>h;hh;hpp;hxx;hm;inl;inc;xsd</Extensions>
    </Filter>
    <Filter Include="Resource Files">
      <UniqueIdentifier>{67DA6AB6-F800-4c08-8B7A-83BB121AAD01}</UniqueIdentifier>
      <Extensions>rc;ico;cur;bmp;dlg;rc2;rct;bin;rgs;gif;jpg;jpeg;jpe;resx;tiff;tif;png;wav;mfcribbon-ms</Extensions>
    </Filter>
    <Filter Include="Header Files\Application">
      <UniqueIdentifier>{4f6a4cff-b806-4078-a419-9234c14d7227}</UniqueIdentifier>
    </Filter>
    <Filter Include="Source Files\Application">
      <UniqueIdentifier>{65eb5dc2-be1d-440c-bb1c-321115653442}</UniqueIdentifier>
    </Filter>
    <Filter Include="Shaders">
      <UniqueIdentifier>{10a6ec52-8bf3-42b4-83be-1c1fa933d672}</UniqueIdentifier>
    </Filter>
    <Filter Include="Header Files\ObjectData">
      <UniqueIdentifier>{b52e0113-30df-4097-badb-4b0eec40c9e0}</UniqueIdentifier>
    </Filter>
    <Filter Include="Source Files\ObjectData">
      <UniqueIdentifier>{79e1c725-f126-4abb-86f8-8916a8b5d0b3}</UniqueIdentifier>
    </Filter>
    <Filter Include="Data">
      <UniqueIdentifier>{d85501cd-7000-40f6-97f8-dd6b24c9ccea}</UniqueIdentifier>
    </Filter>
    <Filter Include="Data\Models">
      <UniqueIdentifier>{8aae2deb-a18b-41e2-8e4e-2bd705109fdc}</UniqueIdentifier>
    </Filter>
    <Filter Include="Loaders">
      <UniqueIdentifier>{a01117b5-9711-41f7-be71-de050ec14a6a}</UniqueIdentifier>
    </Filter>
    <Filter Include="Common">
      <UniqueIdentifier>{f8ef330d-183a-411e-9f0e-59d9108296d9}</UniqueIdentifier>
    </Filter>
    <Filter Include="Engine">
      <UniqueIdentifier>{27f77afb-d8b1-473a-aa64-36bec4e48eb0}</UniqueIdentifier>
    </Filter>
    <Filter Include="Engine\DX11Components">
      <UniqueIdentifier>{86b542ca-758a-4204-bb54-c26d8e4cbcaf}</UniqueIdentifier>
    </Filter>
  </ItemGroup>
  <ItemGroup>
    <ClCompile Include="main.cpp" />
    <ClCompile Include="DXSystem.cpp">
      <Filter>Source Files\Application</Filter>
    </ClCompile>
    <ClCompile Include="engine\DirectX3D.cpp">
      <Filter>Engine</Filter>
    </ClCompile>
    <ClCompile Include="engine\GameTimer.cpp">
      <Filter>Header Files\Application</Filter>
    </ClCompile>
    <ClCompile Include="Engine\DxComponents\DepthStencil.cpp">
      <Filter>Engine\DX11Components</Filter>
    </ClCompile>
    <ClCompile Include="Engine\DxComponents\HardwareDescription.cpp">
      <Filter>Engine\DX11Components</Filter>
    </ClCompile>
    <ClCompile Include="Engine\FontEngine\Font.cpp">
      <Filter>Source Files</Filter>
    </ClCompile>
    <ClCompile Include="Engine\FontEngine\FontEngine.cpp">
      <Filter>Source Files</Filter>
    </ClCompile>
    <ClCompile Include="Engine\FontEngine\UnicodeDictionary.cpp">
      <Filter>Source Files</Filter>
    </ClCompile>
    <ClCompile Include="Engine\ShaderEngine\DefaultShader.cpp">
      <Filter>Source Files</Filter>
    </ClCompile>
    <ClCompile Include="Engine\ShaderEngine\ShaderController.cpp">
      <Filter>Source Files\Application</Filter>
    </ClCompile>
    <ClCompile Include="Engine\SystemMetrics\Cpu.cpp">
      <Filter>Source Files</Filter>
    </ClCompile>
    <ClCompile Include="Engine\SystemMetrics\FramesPerSecond.cpp">
      <Filter>Source Files</Filter>
    </ClCompile>
    <ClCompile Include="ErrorHandling\Exception.cpp">
      <Filter>Source Files</Filter>
    </ClCompile>
    <ClCompile Include="loaders\OBJLoader.cpp">
      <Filter>Loaders</Filter>
    </ClCompile>
    <ClCompile Include="loaders\TargaLoader.cpp">
      <Filter>Source Files</Filter>
    </ClCompile>
    <ClCompile Include="Engine\Graphics\Graphics.cpp">
      <Filter>Source Files\Application</Filter>
    </ClCompile>
    <ClCompile Include="Engine\Graphics\Light.cpp">
      <Filter>Source Files\Application</Filter>
    </ClCompile>
    <ClCompile Include="Engine\Camera\Camera.cpp">
      <Filter>Source Files\Application</Filter>
    </ClCompile>
    <ClCompile Include="Engine\Camera\Frustrum.cpp">
      <Filter>Source Files</Filter>
    </ClCompile>
    <ClCompile Include="Engine\Handlers\ObjectHandler.cpp">
      <Filter>Source Files</Filter>
    </ClCompile>
    <ClCompile Include="Engine\Input\Input.cpp">
      <Filter>Source Files\Application</Filter>
    </ClCompile>
    <ClCompile Include="Engine\Input\InputControl.cpp">
      <Filter>Source Files</Filter>
    </ClCompile>
    <ClCompile Include="Engine\Input\ControlMappings.cpp">
      <Filter>Source Files</Filter>
    </ClCompile>
    <ClCompile Include="Engine\ShaderEngine\ConstantBuffers\MatrixBuffer.cpp">
      <Filter>Source Files</Filter>
    </ClCompile>
    <ClCompile Include="Engine\ShaderEngine\ConstantBuffers\CameraBuffer.cpp">
      <Filter>Source Files</Filter>
    </ClCompile>
    <ClCompile Include="Engine\ShaderEngine\ConstantBuffers\LightBuffer.cpp">
      <Filter>Source Files</Filter>
    </ClCompile>
    <ClCompile Include="Engine\ShaderEngine\ConstantBuffers\ColorOverrideBuffer.cpp">
      <Filter>Source Files</Filter>
    </ClCompile>
    <ClCompile Include="Engine\ShaderEngine\ConstantBuffers\TextureBuffer.cpp">
      <Filter>Source Files</Filter>
    </ClCompile>
    <ClCompile Include="Loaders\OBJLoader\OBJFileLoader.cpp">
      <Filter>Source Files</Filter>
    </ClCompile>
    <ClCompile Include="Loaders\OBJLoader\OBJBinaryLoader.cpp">
      <Filter>Source Files</Filter>
    </ClCompile>
    <ClCompile Include="Engine\Objects\Transform\Transform.cpp">
      <Filter>Source Files</Filter>
    </ClCompile>
    <ClCompile Include="Engine\DxComponents\Rasterizer.cpp">
      <Filter>Source Files</Filter>
    </ClCompile>
    <ClCompile Include="Engine\Objects\Entity.cpp">
      <Filter>Source Files</Filter>
    </ClCompile>
    <ClCompile Include="Engine\Objects\Systems\TransformSystem.cpp">
      <Filter>Source Files</Filter>
    </ClCompile>
    <ClCompile Include="Engine\Objects\Systems\RenderSystem.cpp">
      <Filter>Source Files</Filter>
    </ClCompile>
    <ClCompile Include="Engine\Objects\Geometry\GeometryBuilder.cpp">
      <Filter>Source Files</Filter>
    </ClCompile>
    <ClCompile Include="Engine\Objects\Geometry\GridBuilder.cpp">
      <Filter>Source Files</Filter>
    </ClCompile>
    <ClCompile Include="Engine\Objects\Systems\UISystem.cpp">
      <Filter>Source Files</Filter>
    </ClCompile>
    <ClCompile Include="Engine\ShaderEngine\ConstantBuffers\GradientOverloadBuffer.cpp">
      <Filter>Source Files</Filter>
    </ClCompile>
    <ClCompile Include="Engine\Objects\Texture\CreateTexture.cpp">
      <Filter>Source Files</Filter>
    </ClCompile>
    <ClCompile Include="Engine\Objects\Texture\Texture.cpp">
      <Filter>Source Files\ObjectData</Filter>
    </ClCompile>
    <ClCompile Include="Engine\FontEngine\FontRetriever.cpp">
      <Filter>Source Files</Filter>
    </ClCompile>
    <ClCompile Include="Engine\Objects\Systems\TextSystem.cpp">
      <Filter>Source Files</Filter>
    </ClCompile>
    <ClCompile Include="Engine\ShaderEngine\UIShader.cpp">
      <Filter>Source Files</Filter>
    </ClCompile>
    <ClCompile Include="Engine\Objects\Systems\ButtonSystem.cpp">
      <Filter>Source Files</Filter>
    </ClCompile>
  </ItemGroup>
  <ItemGroup>
    <ClInclude Include="DXSystem.h">
      <Filter>Header Files\Application</Filter>
    </ClInclude>
    <ClInclude Include="engine\DirectX3D.h">
      <Filter>Engine</Filter>
    </ClInclude>
    <ClInclude Include="engine\GameTimer.h">
      <Filter>Header Files\Application</Filter>
    </ClInclude>
    <ClInclude Include="Engine\DxComponents\DepthStencil.h">
      <Filter>Engine\DX11Components</Filter>
    </ClInclude>
    <ClInclude Include="Engine\DxComponents\HardwareDescription.h">
      <Filter>Engine\DX11Components</Filter>
    </ClInclude>
    <ClInclude Include="Engine\FontEngine\Character.h">
      <Filter>Header Files</Filter>
    </ClInclude>
    <ClInclude Include="Engine\FontEngine\Font.h">
      <Filter>Header Files</Filter>
    </ClInclude>
    <ClInclude Include="Engine\FontEngine\FontEngine.h">
      <Filter>Header Files</Filter>
    </ClInclude>
    <ClInclude Include="Engine\FontEngine\UnicodeDictionary.h">
      <Filter>Header Files</Filter>
    </ClInclude>
    <ClInclude Include="Engine\ShaderEngine\DefaultShader.h">
      <Filter>Header Files</Filter>
    </ClInclude>
    <ClInclude Include="Engine\ShaderEngine\IShaderType.h">
      <Filter>Header Files</Filter>
    </ClInclude>
    <ClInclude Include="Engine\ShaderEngine\ShaderController.h">
      <Filter>Header Files\Application</Filter>
    </ClInclude>
    <ClInclude Include="Engine\SystemMetrics\Cpu.h">
      <Filter>Header Files</Filter>
    </ClInclude>
    <ClInclude Include="Engine\SystemMetrics\FramesPerSecond.h">
      <Filter>Header Files</Filter>
    </ClInclude>
    <ClInclude Include="ErrorHandling\Exception.h">
      <Filter>Header Files</Filter>
    </ClInclude>
    <ClInclude Include="loaders\models\TargaData.h">
      <Filter>Header Files</Filter>
    </ClInclude>
    <ClInclude Include="loaders\OBJLoader.h">
      <Filter>Loaders</Filter>
    </ClInclude>
    <ClInclude Include="loaders\TargaLoader.h">
      <Filter>Header Files</Filter>
    </ClInclude>
    <ClInclude Include="common\Vertex.h">
      <Filter>Header Files</Filter>
    </ClInclude>
    <ClInclude Include="Engine\Graphics\Graphics.h">
      <Filter>Header Files\Application</Filter>
    </ClInclude>
    <ClInclude Include="Engine\Graphics\Light.h">
      <Filter>Header Files\Application</Filter>
    </ClInclude>
    <ClInclude Include="Engine\Camera\Camera.h">
      <Filter>Header Files\Application</Filter>
    </ClInclude>
    <ClInclude Include="Engine\Camera\Frustrum.h">
      <Filter>Header Files</Filter>
    </ClInclude>
    <ClInclude Include="Engine\Handlers\ObjectHandler.h">
      <Filter>Header Files</Filter>
    </ClInclude>
    <ClInclude Include="Common\Constants.h">
      <Filter>Header Files</Filter>
    </ClInclude>
    <ClInclude Include="Engine\Input\Input.h">
      <Filter>Header Files\Application</Filter>
    </ClInclude>
    <ClInclude Include="Engine\Input\Controls.h">
      <Filter>Header Files</Filter>
    </ClInclude>
    <ClInclude Include="Engine\Input\ControlType.h">
      <Filter>Header Files</Filter>
    </ClInclude>
    <ClInclude Include="Engine\Input\InputControl.h">
      <Filter>Header Files</Filter>
    </ClInclude>
    <ClInclude Include="Engine\Input\ControlMappings.h">
      <Filter>Header Files</Filter>
    </ClInclude>
    <ClInclude Include="Engine\ShaderEngine\ConstantBuffers\IShaderBuffer.h">
      <Filter>Header Files</Filter>
    </ClInclude>
    <ClInclude Include="Engine\ShaderEngine\ConstantBuffers\MatrixBuffer.h">
      <Filter>Header Files</Filter>
    </ClInclude>
    <ClInclude Include="Engine\ShaderEngine\ConstantBuffers\CameraBuffer.h">
      <Filter>Header Files</Filter>
    </ClInclude>
    <ClInclude Include="Engine\ShaderEngine\ConstantBuffers\LightBuffer.h">
      <Filter>Header Files</Filter>
    </ClInclude>
    <ClInclude Include="Engine\ShaderEngine\ConstantBuffers\ColorOverrideBuffer.h">
      <Filter>Header Files</Filter>
    </ClInclude>
    <ClInclude Include="Engine\ShaderEngine\ShaderParameters\ShaderParameters.h">
      <Filter>Header Files</Filter>
    </ClInclude>
    <ClInclude Include="Engine\ShaderEngine\ConstantBuffers\TextureBuffer.h">
      <Filter>Header Files</Filter>
    </ClInclude>
    <ClInclude Include="Engine\ShaderEngine\ShaderResources.h">
      <Filter>Header Files</Filter>
    </ClInclude>
    <ClInclude Include="Loaders\OBJLoader\IOBJLoader.h">
      <Filter>Header Files</Filter>
    </ClInclude>
    <ClInclude Include="Loaders\OBJLoader\OBJFileLoader.h">
      <Filter>Header Files</Filter>
    </ClInclude>
    <ClInclude Include="Loaders\OBJLoader\OBJBinaryLoader.h">
      <Filter>Header Files</Filter>
    </ClInclude>
    <ClInclude Include="Loaders\models\OBJGeometryData.h">
      <Filter>Header Files</Filter>
    </ClInclude>
    <ClInclude Include="Engine\Objects\Transform\Transform.h">
      <Filter>Header Files</Filter>
    </ClInclude>
    <ClInclude Include="common\Box.h">
      <Filter>Header Files</Filter>
    </ClInclude>
    <ClInclude Include="Engine\DxComponents\Rasterizer.h">
      <Filter>Header Files</Filter>
    </ClInclude>
    <ClInclude Include="Engine\Objects\Entity.h">
      <Filter>Header Files</Filter>
    </ClInclude>
    <ClInclude Include="Engine\Objects\Components\IComponent.h">
      <Filter>Header Files</Filter>
    </ClInclude>
    <ClInclude Include="Engine\Objects\Components\TransformComponent.h">
      <Filter>Header Files</Filter>
    </ClInclude>
    <ClInclude Include="Engine\Objects\Systems\TransformSystem.h">
      <Filter>Header Files</Filter>
    </ClInclude>
    <ClInclude Include="Engine\Objects\Components\AppearanceComponent.h">
      <Filter>Header Files</Filter>
    </ClInclude>
    <ClInclude Include="Engine\Objects\Systems\ISystem.h">
      <Filter>Header Files</Filter>
    </ClInclude>
    <ClInclude Include="Engine\Objects\Systems\RenderSystem.h">
      <Filter>Header Files</Filter>
    </ClInclude>
    <ClInclude Include="Engine\Objects\Components\RasterizerComponent.h">
      <Filter>Header Files</Filter>
    </ClInclude>
    <ClInclude Include="Engine\Objects\Systems\SystemType.h">
      <Filter>Header Files</Filter>
    </ClInclude>
    <ClInclude Include="Engine\Objects\Components\FurstrumCullingComponent.h">
      <Filter>Header Files</Filter>
    </ClInclude>
    <ClInclude Include="Engine\Camera\FrustrumCullingType.h">
      <Filter>Header Files</Filter>
    </ClInclude>
    <ClInclude Include="Engine\Objects\Geometry\GeometryBuilder.h">
      <Filter>Header Files</Filter>
    </ClInclude>
    <ClInclude Include="Engine\Objects\Geometry\GridBuilder.h">
      <Filter>Header Files</Filter>
    </ClInclude>
    <ClInclude Include="Engine\Objects\Geometry\Geometry.h">
      <Filter>Common</Filter>
    </ClInclude>
    <ClInclude Include="Engine\Objects\Components\UIComponent.h">
      <Filter>Header Files</Filter>
    </ClInclude>
    <ClInclude Include="Engine\Objects\Systems\UISystem.h">
      <Filter>Header Files</Filter>
    </ClInclude>
    <ClInclude Include="Engine\ShaderEngine\ConstantBuffers\GradientOverloadBuffer.h">
      <Filter>Header Files</Filter>
    </ClInclude>
    <ClInclude Include="Engine\ShaderEngine\ShaderParameters\ColorShaderParameters.h">
      <Filter>Header Files</Filter>
    </ClInclude>
    <ClInclude Include="Engine\ShaderEngine\ShaderParameters\GradientShaderParameters.h">
      <Filter>Header Files</Filter>
    </ClInclude>
    <ClInclude Include="Engine\ShaderEngine\ShaderParameters\TextureShaderParameters.h">
      <Filter>Header Files</Filter>
    </ClInclude>
    <ClInclude Include="Engine\ShaderEngine\ShaderParameters\MatrixShaderParameters.h">
      <Filter>Header Files</Filter>
    </ClInclude>
    <ClInclude Include="Engine\Objects\Components\TextComponent.h">
      <Filter>Header Files</Filter>
    </ClInclude>
    <ClInclude Include="Engine\Observer\IObserver.h">
      <Filter>Header Files</Filter>
    </ClInclude>
    <ClInclude Include="Engine\Observer\EventType.h">
      <Filter>Header Files</Filter>
    </ClInclude>
    <ClInclude Include="Engine\Observer\ObserverEvent.h">
      <Filter>Header Files</Filter>
    </ClInclude>
    <ClInclude Include="Engine\Observer\Observable.h">
      <Filter>Header Files</Filter>
    </ClInclude>
    <ClInclude Include="Engine\Objects\Texture\CreateTexture.h">
      <Filter>Header Files</Filter>
    </ClInclude>
    <ClInclude Include="Engine\Objects\Texture\Texture.h">
      <Filter>Header Files\ObjectData</Filter>
    </ClInclude>
    <ClInclude Include="Engine\FontEngine\FontRetriever.h">
      <Filter>Header Files</Filter>
    </ClInclude>
    <ClInclude Include="Engine\FontEngine\TextTexture.h">
      <Filter>Header Files</Filter>
    </ClInclude>
    <ClInclude Include="Engine\Objects\Systems\TextSystem.h">
      <Filter>Header Files</Filter>
    </ClInclude>
    <ClInclude Include="Engine\ShaderEngine\UIShader.h">
      <Filter>Header Files</Filter>
    </ClInclude>
    <ClInclude Include="Engine\Objects\Components\ButtonComponent.h">
      <Filter>Header Files</Filter>
    </ClInclude>
    <ClInclude Include="Engine\Objects\Systems\ButtonSystem.h">
      <Filter>Header Files</Filter>
    </ClInclude>
  </ItemGroup>
  <ItemGroup>
    <FxCompile Include="shaders\PixelShader.hlsl">
      <Filter>Shaders</Filter>
    </FxCompile>
    <FxCompile Include="shaders\VertexShader.hlsl">
      <Filter>Shaders</Filter>
    </FxCompile>
  </ItemGroup>
  <ItemGroup>
    <Text Include="data\models\Cube.txt">
      <Filter>Data\Models</Filter>
    </Text>
  </ItemGroup>
  <ItemGroup>
    <Object Include="data\models\sphere.obj">
      <Filter>Data\Models</Filter>
    </Object>
  </ItemGroup>
</Project>