<?xml version="1.0" encoding="utf-8"?>
<Project ToolsVersion="4.0" xmlns="http://schemas.microsoft.com/developer/msbuild/2003">
  <ItemGroup>
    <Filter Include="Source Files">
      <UniqueIdentifier>{4FC737F1-C7A5-4376-A066-2A32D752A2FF}</UniqueIdentifier>
      <Extensions>cpp;c;cc;cxx;def;odl;idl;hpj;bat;asm;asmx</Extensions>
    </Filter>
    <Filter Include="Header Files">
      <UniqueIdentifier>{93995380-89BD-4b04-88EB-625FBE52EBFB}</UniqueIdentifier>
      <Extensions>h;hh;hpp;hxx;hm;inl;inc;xsd</Extensions>
    </Filter>
    <Filter Include="Resource Files">
      <UniqueIdentifier>{67DA6AB6-F800-4c08-8B7A-83BB121AAD01}</UniqueIdentifier>
      <Extensions>rc;ico;cur;bmp;dlg;rc2;rct;bin;rgs;gif;jpg;jpeg;jpe;resx;tiff;tif;png;wav;mfcribbon-ms</Extensions>
    </Filter>
    <Filter Include="Header Files\Application">
      <UniqueIdentifier>{4f6a4cff-b806-4078-a419-9234c14d7227}</UniqueIdentifier>
    </Filter>
    <Filter Include="Source Files\Application">
      <UniqueIdentifier>{65eb5dc2-be1d-440c-bb1c-321115653442}</UniqueIdentifier>
    </Filter>
    <Filter Include="Shaders">
      <UniqueIdentifier>{10a6ec52-8bf3-42b4-83be-1c1fa933d672}</UniqueIdentifier>
    </Filter>
    <Filter Include="Header Files\ObjectData">
      <UniqueIdentifier>{b52e0113-30df-4097-badb-4b0eec40c9e0}</UniqueIdentifier>
    </Filter>
    <Filter Include="Source Files\ObjectData">
      <UniqueIdentifier>{79e1c725-f126-4abb-86f8-8916a8b5d0b3}</UniqueIdentifier>
    </Filter>
    <Filter Include="Data">
      <UniqueIdentifier>{d85501cd-7000-40f6-97f8-dd6b24c9ccea}</UniqueIdentifier>
    </Filter>
    <Filter Include="Data\Models">
      <UniqueIdentifier>{8aae2deb-a18b-41e2-8e4e-2bd705109fdc}</UniqueIdentifier>
    </Filter>
    <Filter Include="Loaders">
      <UniqueIdentifier>{a01117b5-9711-41f7-be71-de050ec14a6a}</UniqueIdentifier>
    </Filter>
    <Filter Include="Common">
      <UniqueIdentifier>{f8ef330d-183a-411e-9f0e-59d9108296d9}</UniqueIdentifier>
    </Filter>
    <Filter Include="Engine">
      <UniqueIdentifier>{27f77afb-d8b1-473a-aa64-36bec4e48eb0}</UniqueIdentifier>
    </Filter>
    <Filter Include="Engine\DX11Components">
      <UniqueIdentifier>{86b542ca-758a-4204-bb54-c26d8e4cbcaf}</UniqueIdentifier>
    </Filter>
  </ItemGroup>
  <ItemGroup>
    <ClCompile Include="main.cpp" />
    <ClCompile Include="Input.cpp">
      <Filter>Source Files\Application</Filter>
    </ClCompile>
    <ClCompile Include="Graphics.cpp">
      <Filter>Source Files\Application</Filter>
    </ClCompile>
    <ClCompile Include="Model.cpp">
      <Filter>Source Files</Filter>
    </ClCompile>
    <ClCompile Include="Camera.cpp">
      <Filter>Source Files\Application</Filter>
    </ClCompile>
    <ClCompile Include="Texture.cpp">
      <Filter>Source Files\ObjectData</Filter>
    </ClCompile>
    <ClCompile Include="Light.cpp">
      <Filter>Source Files\Application</Filter>
    </ClCompile>
    <ClCompile Include="loaders\OBJLoader.cpp">
      <Filter>Loaders</Filter>
    </ClCompile>
    <ClCompile Include="engine\GameTimer.cpp">
      <Filter>Header Files\Application</Filter>
    </ClCompile>
    <ClCompile Include="Bitmap.cpp">
      <Filter>Source Files</Filter>
    </ClCompile>
    <ClCompile Include="engine\DirectX3D.cpp">
      <Filter>Engine</Filter>
    </ClCompile>
    <ClCompile Include="error_handling\Exception.cpp">
      <Filter>Source Files</Filter>
    </ClCompile>
    <ClCompile Include="engine\font_engine\Font.cpp">
      <Filter>Source Files</Filter>
    </ClCompile>
    <ClCompile Include="engine\dx_components\DepthStencil.cpp">
      <Filter>Engine\DX11Components</Filter>
    </ClCompile>
    <ClCompile Include="engine\dx_components\HardwareDescription.cpp">
      <Filter>Engine\DX11Components</Filter>
    </ClCompile>
    <ClCompile Include="engine\dx_components\Rasterizer.cpp">
      <Filter>Source Files</Filter>
    </ClCompile>
    <ClCompile Include="DXSystem.cpp">
      <Filter>Source Files\Application</Filter>
    </ClCompile>
    <ClCompile Include="engine\font_engine\FontEngine.cpp">
      <Filter>Source Files</Filter>
    </ClCompile>
    <ClCompile Include="engine\font_engine\Character.cpp">
      <Filter>Source Files</Filter>
    </ClCompile>
    <ClCompile Include="engine\shader_engine\DefaultShader.cpp">
      <Filter>Source Files</Filter>
    </ClCompile>
    <ClCompile Include="engine\shader_engine\ShaderController.cpp">
      <Filter>Source Files\Application</Filter>
    </ClCompile>
    <ClCompile Include="engine\shader_engine\FontShader.cpp">
      <Filter>Source Files</Filter>
    </ClCompile>
    <ClCompile Include="engine\font_engine\UnicodeDictionary.cpp">
      <Filter>Source Files</Filter>
    </ClCompile>
    <ClCompile Include="loaders\TargaLoader.cpp">
      <Filter>Source Files</Filter>
    </ClCompile>
  </ItemGroup>
  <ItemGroup>
    <ClInclude Include="Input.h">
      <Filter>Header Files\Application</Filter>
    </ClInclude>
    <ClInclude Include="Graphics.h">
      <Filter>Header Files\Application</Filter>
    </ClInclude>
    <ClInclude Include="Model.h">
      <Filter>Header Files</Filter>
    </ClInclude>
    <ClInclude Include="Camera.h">
      <Filter>Header Files\Application</Filter>
    </ClInclude>
    <ClInclude Include="Texture.h">
      <Filter>Header Files\ObjectData</Filter>
    </ClInclude>
    <ClInclude Include="Light.h">
      <Filter>Header Files\Application</Filter>
    </ClInclude>
    <ClInclude Include="loaders\OBJLoader.h">
      <Filter>Loaders</Filter>
    </ClInclude>
    <ClInclude Include="engine\GameTimer.h">
      <Filter>Header Files\Application</Filter>
    </ClInclude>
    <ClInclude Include="Bitmap.h">
      <Filter>Header Files</Filter>
    </ClInclude>
    <ClInclude Include="common\Geometry.h">
      <Filter>Common</Filter>
    </ClInclude>
    <ClInclude Include="common\Vertex.h">
      <Filter>Header Files</Filter>
    </ClInclude>
    <ClInclude Include="engine\DirectX3D.h">
      <Filter>Engine</Filter>
    </ClInclude>
    <ClInclude Include="error_handling\Exception.h">
      <Filter>Header Files</Filter>
    </ClInclude>
    <ClInclude Include="engine\font_engine\Font.h">
      <Filter>Header Files</Filter>
    </ClInclude>
    <ClInclude Include="engine\dx_components\DepthStencil.h">
      <Filter>Engine\DX11Components</Filter>
    </ClInclude>
    <ClInclude Include="engine\dx_components\HardwareDescription.h">
      <Filter>Engine\DX11Components</Filter>
    </ClInclude>
    <ClInclude Include="engine\dx_components\Rasterizer.h">
      <Filter>Header Files</Filter>
    </ClInclude>
    <ClInclude Include="DXSystem.h">
      <Filter>Header Files\Application</Filter>
    </ClInclude>
    <ClInclude Include="engine\font_engine\FontEngine.h">
      <Filter>Header Files</Filter>
    </ClInclude>
    <ClInclude Include="engine\font_engine\Character.h">
      <Filter>Header Files</Filter>
    </ClInclude>
    <ClInclude Include="engine\shader_engine\IShaderType.h">
      <Filter>Header Files</Filter>
    </ClInclude>
    <ClInclude Include="engine\shader_engine\DefaultShader.h">
      <Filter>Header Files</Filter>
    </ClInclude>
    <ClInclude Include="engine\shader_engine\ShaderController.h">
      <Filter>Header Files\Application</Filter>
    </ClInclude>
    <ClInclude Include="engine\shader_engine\FontShader.h">
      <Filter>Header Files</Filter>
    </ClInclude>
    <ClInclude Include="engine\font_engine\UnicodeDictionary.h">
      <Filter>Header Files</Filter>
    </ClInclude>
    <ClInclude Include="loaders\TargaLoader.h">
      <Filter>Header Files</Filter>
    </ClInclude>
    <ClInclude Include="common\Box.h">
      <Filter>Header Files</Filter>
    </ClInclude>
    <ClInclude Include="loaders\models\TargaData.h">
      <Filter>Header Files</Filter>
    </ClInclude>
  </ItemGroup>
  <ItemGroup>
    <Text Include="data\models\Cube.txt">
      <Filter>Data\Models</Filter>
    </Text>
  </ItemGroup>
  <ItemGroup>
    <FxCompile Include="shaders\PixelShader.hlsl">
      <Filter>Shaders</Filter>
    </FxCompile>
    <FxCompile Include="shaders\VertexShader.hlsl">
      <Filter>Shaders</Filter>
    </FxCompile>
  </ItemGroup>
  <ItemGroup>
    <Object Include="data\models\sphere.obj">
      <Filter>Data\Models</Filter>
    </Object>
  </ItemGroup>
</Project>